// !$*UTF8*$!
{
	archiveVersion = 1;
	classes = {
	};
	objectVersion = 50;
	objects = {

/* Begin PBXBuildFile section */
		3812294A20C7937300561A61 /* AppDelegate.swift in Sources */ = {isa = PBXBuildFile; fileRef = 3812294920C7937300561A61 /* AppDelegate.swift */; };
		3812294C20C7937300561A61 /* ViewController.swift in Sources */ = {isa = PBXBuildFile; fileRef = 3812294B20C7937300561A61 /* ViewController.swift */; };
		3812294F20C7937300561A61 /* Main.storyboard in Resources */ = {isa = PBXBuildFile; fileRef = 3812294D20C7937300561A61 /* Main.storyboard */; };
		3812295120C7937500561A61 /* Assets.xcassets in Resources */ = {isa = PBXBuildFile; fileRef = 3812295020C7937500561A61 /* Assets.xcassets */; };
		3812295420C7937500561A61 /* LaunchScreen.storyboard in Resources */ = {isa = PBXBuildFile; fileRef = 3812295220C7937500561A61 /* LaunchScreen.storyboard */; };
		3812295F20C7937500561A61 /* HelloMyMapTests.swift in Sources */ = {isa = PBXBuildFile; fileRef = 3812295E20C7937500561A61 /* HelloMyMapTests.swift */; };
		3812296A20C7937500561A61 /* HelloMyMapUITests.swift in Sources */ = {isa = PBXBuildFile; fileRef = 3812296920C7937500561A61 /* HelloMyMapUITests.swift */; };
/* End PBXBuildFile section */

/* Begin PBXContainerItemProxy section */
		3812295B20C7937500561A61 /* PBXContainerItemProxy */ = {
			isa = PBXContainerItemProxy;
			containerPortal = 3812293E20C7937300561A61 /* Project object */;
			proxyType = 1;
			remoteGlobalIDString = 3812294520C7937300561A61;
			remoteInfo = HelloMyMap;
		};
		3812296620C7937500561A61 /* PBXContainerItemProxy */ = {
			isa = PBXContainerItemProxy;
			containerPortal = 3812293E20C7937300561A61 /* Project object */;
			proxyType = 1;
			remoteGlobalIDString = 3812294520C7937300561A61;
			remoteInfo = HelloMyMap;
		};
/* End PBXContainerItemProxy section */

/* Begin PBXFileReference section */
		3812294620C7937300561A61 /* HelloMyMap.app */ = {isa = PBXFileReference; explicitFileType = wrapper.application; includeInIndex = 0; path = HelloMyMap.app; sourceTree = BUILT_PRODUCTS_DIR; };
		3812294920C7937300561A61 /* AppDelegate.swift */ = {isa = PBXFileReference; lastKnownFileType = sourcecode.swift; path = AppDelegate.swift; sourceTree = "<group>"; };
		3812294B20C7937300561A61 /* ViewController.swift */ = {isa = PBXFileReference; lastKnownFileType = sourcecode.swift; path = ViewController.swift; sourceTree = "<group>"; };
		3812294E20C7937300561A61 /* Base */ = {isa = PBXFileReference; lastKnownFileType = file.storyboard; name = Base; path = Base.lproj/Main.storyboard; sourceTree = "<group>"; };
		3812295020C7937500561A61 /* Assets.xcassets */ = {isa = PBXFileReference; lastKnownFileType = folder.assetcatalog; path = Assets.xcassets; sourceTree = "<group>"; };
		3812295320C7937500561A61 /* Base */ = {isa = PBXFileReference; lastKnownFileType = file.storyboard; name = Base; path = Base.lproj/LaunchScreen.storyboard; sourceTree = "<group>"; };
		3812295520C7937500561A61 /* Info.plist */ = {isa = PBXFileReference; lastKnownFileType = text.plist.xml; path = Info.plist; sourceTree = "<group>"; };
		3812295A20C7937500561A61 /* HelloMyMapTests.xctest */ = {isa = PBXFileReference; explicitFileType = wrapper.cfbundle; includeInIndex = 0; path = HelloMyMapTests.xctest; sourceTree = BUILT_PRODUCTS_DIR; };
		3812295E20C7937500561A61 /* HelloMyMapTests.swift */ = {isa = PBXFileReference; lastKnownFileType = sourcecode.swift; path = HelloMyMapTests.swift; sourceTree = "<group>"; };
		3812296020C7937500561A61 /* Info.plist */ = {isa = PBXFileReference; lastKnownFileType = text.plist.xml; path = Info.plist; sourceTree = "<group>"; };
		3812296520C7937500561A61 /* HelloMyMapUITests.xctest */ = {isa = PBXFileReference; explicitFileType = wrapper.cfbundle; includeInIndex = 0; path = HelloMyMapUITests.xctest; sourceTree = BUILT_PRODUCTS_DIR; };
		3812296920C7937500561A61 /* HelloMyMapUITests.swift */ = {isa = PBXFileReference; lastKnownFileType = sourcecode.swift; path = HelloMyMapUITests.swift; sourceTree = "<group>"; };
		3812296B20C7937500561A61 /* Info.plist */ = {isa = PBXFileReference; lastKnownFileType = text.plist.xml; path = Info.plist; sourceTree = "<group>"; };
/* End PBXFileReference section */

/* Begin PBXFrameworksBuildPhase section */
		3812294320C7937300561A61 /* Frameworks */ = {
			isa = PBXFrameworksBuildPhase;
			buildActionMask = 2147483647;
			files = (
			);
			runOnlyForDeploymentPostprocessing = 0;
		};
		3812295720C7937500561A61 /* Frameworks */ = {
			isa = PBXFrameworksBuildPhase;
			buildActionMask = 2147483647;
			files = (
			);
			runOnlyForDeploymentPostprocessing = 0;
		};
		3812296220C7937500561A61 /* Frameworks */ = {
			isa = PBXFrameworksBuildPhase;
			buildActionMask = 2147483647;
			files = (
			);
			runOnlyForDeploymentPostprocessing = 0;
		};
/* End PBXFrameworksBuildPhase section */

/* Begin PBXGroup section */
		3812293D20C7937300561A61 = {
			isa = PBXGroup;
			children = (
				3812294820C7937300561A61 /* HelloMyMap */,
				3812295D20C7937500561A61 /* HelloMyMapTests */,
				3812296820C7937500561A61 /* HelloMyMapUITests */,
				3812294720C7937300561A61 /* Products */,
			);
			sourceTree = "<group>";
		};
		3812294720C7937300561A61 /* Products */ = {
			isa = PBXGroup;
			children = (
				3812294620C7937300561A61 /* HelloMyMap.app */,
				3812295A20C7937500561A61 /* HelloMyMapTests.xctest */,
				3812296520C7937500561A61 /* HelloMyMapUITests.xctest */,
			);
			name = Products;
			sourceTree = "<group>";
		};
		3812294820C7937300561A61 /* HelloMyMap */ = {
			isa = PBXGroup;
			children = (
				3812294920C7937300561A61 /* AppDelegate.swift */,
				3812294B20C7937300561A61 /* ViewController.swift */,
				3812294D20C7937300561A61 /* Main.storyboard */,
				3812295020C7937500561A61 /* Assets.xcassets */,
				3812295220C7937500561A61 /* LaunchScreen.storyboard */,
				3812295520C7937500561A61 /* Info.plist */,
			);
			path = HelloMyMap;
			sourceTree = "<group>";
		};
		3812295D20C7937500561A61 /* HelloMyMapTests */ = {
			isa = PBXGroup;
			children = (
				3812295E20C7937500561A61 /* HelloMyMapTests.swift */,
				3812296020C7937500561A61 /* Info.plist */,
			);
			path = HelloMyMapTests;
			sourceTree = "<group>";
		};
		3812296820C7937500561A61 /* HelloMyMapUITests */ = {
			isa = PBXGroup;
			children = (
				3812296920C7937500561A61 /* HelloMyMapUITests.swift */,
				3812296B20C7937500561A61 /* Info.plist */,
			);
			path = HelloMyMapUITests;
			sourceTree = "<group>";
		};
/* End PBXGroup section */

/* Begin PBXNativeTarget section */
		3812294520C7937300561A61 /* HelloMyMap */ = {
			isa = PBXNativeTarget;
			buildConfigurationList = 3812296E20C7937500561A61 /* Build configuration list for PBXNativeTarget "HelloMyMap" */;
			buildPhases = (
				3812294220C7937300561A61 /* Sources */,
				3812294320C7937300561A61 /* Frameworks */,
				3812294420C7937300561A61 /* Resources */,
			);
			buildRules = (
			);
			dependencies = (
			);
			name = HelloMyMap;
			productName = HelloMyMap;
			productReference = 3812294620C7937300561A61 /* HelloMyMap.app */;
			productType = "com.apple.product-type.application";
		};
		3812295920C7937500561A61 /* HelloMyMapTests */ = {
			isa = PBXNativeTarget;
			buildConfigurationList = 3812297120C7937500561A61 /* Build configuration list for PBXNativeTarget "HelloMyMapTests" */;
			buildPhases = (
				3812295620C7937500561A61 /* Sources */,
				3812295720C7937500561A61 /* Frameworks */,
				3812295820C7937500561A61 /* Resources */,
			);
			buildRules = (
			);
			dependencies = (
				3812295C20C7937500561A61 /* PBXTargetDependency */,
			);
			name = HelloMyMapTests;
			productName = HelloMyMapTests;
			productReference = 3812295A20C7937500561A61 /* HelloMyMapTests.xctest */;
			productType = "com.apple.product-type.bundle.unit-test";
		};
		3812296420C7937500561A61 /* HelloMyMapUITests */ = {
			isa = PBXNativeTarget;
			buildConfigurationList = 3812297420C7937500561A61 /* Build configuration list for PBXNativeTarget "HelloMyMapUITests" */;
			buildPhases = (
				3812296120C7937500561A61 /* Sources */,
				3812296220C7937500561A61 /* Frameworks */,
				3812296320C7937500561A61 /* Resources */,
			);
			buildRules = (
			);
			dependencies = (
				3812296720C7937500561A61 /* PBXTargetDependency */,
			);
			name = HelloMyMapUITests;
			productName = HelloMyMapUITests;
			productReference = 3812296520C7937500561A61 /* HelloMyMapUITests.xctest */;
			productType = "com.apple.product-type.bundle.ui-testing";
		};
/* End PBXNativeTarget section */

/* Begin PBXProject section */
		3812293E20C7937300561A61 /* Project object */ = {
			isa = PBXProject;
			attributes = {
				LastSwiftUpdateCheck = 0940;
				LastUpgradeCheck = 0940;
				ORGANIZATIONNAME = Jim;
				TargetAttributes = {
					3812294520C7937300561A61 = {
						CreatedOnToolsVersion = 9.4;
					};
					3812295920C7937500561A61 = {
						CreatedOnToolsVersion = 9.4;
						TestTargetID = 3812294520C7937300561A61;
					};
					3812296420C7937500561A61 = {
						CreatedOnToolsVersion = 9.4;
						TestTargetID = 3812294520C7937300561A61;
					};
				};
			};
			buildConfigurationList = 3812294120C7937300561A61 /* Build configuration list for PBXProject "HelloMyMap" */;
			compatibilityVersion = "Xcode 9.3";
			developmentRegion = en;
			hasScannedForEncodings = 0;
			knownRegions = (
				en,
				Base,
			);
			mainGroup = 3812293D20C7937300561A61;
			productRefGroup = 3812294720C7937300561A61 /* Products */;
			projectDirPath = "";
			projectRoot = "";
			targets = (
				3812294520C7937300561A61 /* HelloMyMap */,
				3812295920C7937500561A61 /* HelloMyMapTests */,
				3812296420C7937500561A61 /* HelloMyMapUITests */,
			);
		};
/* End PBXProject section */

/* Begin PBXResourcesBuildPhase section */
		3812294420C7937300561A61 /* Resources */ = {
			isa = PBXResourcesBuildPhase;
			buildActionMask = 2147483647;
			files = (
				3812295420C7937500561A61 /* LaunchScreen.storyboard in Resources */,
				3812295120C7937500561A61 /* Assets.xcassets in Resources */,
				3812294F20C7937300561A61 /* Main.storyboard in Resources */,
			);
			runOnlyForDeploymentPostprocessing = 0;
		};
		3812295820C7937500561A61 /* Resources */ = {
			isa = PBXResourcesBuildPhase;
			buildActionMask = 2147483647;
			files = (
			);
			runOnlyForDeploymentPostprocessing = 0;
		};
		3812296320C7937500561A61 /* Resources */ = {
			isa = PBXResourcesBuildPhase;
			buildActionMask = 2147483647;
			files = (
			);
			runOnlyForDeploymentPostprocessing = 0;
		};
/* End PBXResourcesBuildPhase section */

/* Begin PBXSourcesBuildPhase section */
		3812294220C7937300561A61 /* Sources */ = {
			isa = PBXSourcesBuildPhase;
			buildActionMask = 2147483647;
			files = (
				3812294C20C7937300561A61 /* ViewController.swift in Sources */,
				3812294A20C7937300561A61 /* AppDelegate.swift in Sources */,
			);
			runOnlyForDeploymentPostprocessing = 0;
		};
		3812295620C7937500561A61 /* Sources */ = {
			isa = PBXSourcesBuildPhase;
			buildActionMask = 2147483647;
			files = (
				3812295F20C7937500561A61 /* HelloMyMapTests.swift in Sources */,
			);
			runOnlyForDeploymentPostprocessing = 0;
		};
		3812296120C7937500561A61 /* Sources */ = {
			isa = PBXSourcesBuildPhase;
			buildActionMask = 2147483647;
			files = (
				3812296A20C7937500561A61 /* HelloMyMapUITests.swift in Sources */,
			);
			runOnlyForDeploymentPostprocessing = 0;
		};
/* End PBXSourcesBuildPhase section */

/* Begin PBXTargetDependency section */
		3812295C20C7937500561A61 /* PBXTargetDependency */ = {
			isa = PBXTargetDependency;
			target = 3812294520C7937300561A61 /* HelloMyMap */;
			targetProxy = 3812295B20C7937500561A61 /* PBXContainerItemProxy */;
		};
		3812296720C7937500561A61 /* PBXTargetDependency */ = {
			isa = PBXTargetDependency;
			target = 3812294520C7937300561A61 /* HelloMyMap */;
			targetProxy = 3812296620C7937500561A61 /* PBXContainerItemProxy */;
		};
/* End PBXTargetDependency section */

/* Begin PBXVariantGroup section */
		3812294D20C7937300561A61 /* Main.storyboard */ = {
			isa = PBXVariantGroup;
			children = (
				3812294E20C7937300561A61 /* Base */,
			);
			name = Main.storyboard;
			sourceTree = "<group>";
		};
		3812295220C7937500561A61 /* LaunchScreen.storyboard */ = {
			isa = PBXVariantGroup;
			children = (
				3812295320C7937500561A61 /* Base */,
			);
			name = LaunchScreen.storyboard;
			sourceTree = "<group>";
		};
/* End PBXVariantGroup section */

/* Begin XCBuildConfiguration section */
		3812296C20C7937500561A61 /* Debug */ = {
			isa = XCBuildConfiguration;
			buildSettings = {
				ALWAYS_SEARCH_USER_PATHS = NO;
				CLANG_ANALYZER_NONNULL = YES;
				CLANG_ANALYZER_NUMBER_OBJECT_CONVERSION = YES_AGGRESSIVE;
				CLANG_CXX_LANGUAGE_STANDARD = "gnu++14";
				CLANG_CXX_LIBRARY = "libc++";
				CLANG_ENABLE_MODULES = YES;
				CLANG_ENABLE_OBJC_ARC = YES;
				CLANG_ENABLE_OBJC_WEAK = YES;
				CLANG_WARN_BLOCK_CAPTURE_AUTORELEASING = YES;
				CLANG_WARN_BOOL_CONVERSION = YES;
				CLANG_WARN_COMMA = YES;
				CLANG_WARN_CONSTANT_CONVERSION = YES;
				CLANG_WARN_DEPRECATED_OBJC_IMPLEMENTATIONS = YES;
				CLANG_WARN_DIRECT_OBJC_ISA_USAGE = YES_ERROR;
				CLANG_WARN_DOCUMENTATION_COMMENTS = YES;
				CLANG_WARN_EMPTY_BODY = YES;
				CLANG_WARN_ENUM_CONVERSION = YES;
				CLANG_WARN_INFINITE_RECURSION = YES;
				CLANG_WARN_INT_CONVERSION = YES;
				CLANG_WARN_NON_LITERAL_NULL_CONVERSION = YES;
				CLANG_WARN_OBJC_IMPLICIT_RETAIN_SELF = YES;
				CLANG_WARN_OBJC_LITERAL_CONVERSION = YES;
				CLANG_WARN_OBJC_ROOT_CLASS = YES_ERROR;
				CLANG_WARN_RANGE_LOOP_ANALYSIS = YES;
				CLANG_WARN_STRICT_PROTOTYPES = YES;
				CLANG_WARN_SUSPICIOUS_MOVE = YES;
				CLANG_WARN_UNGUARDED_AVAILABILITY = YES_AGGRESSIVE;
				CLANG_WARN_UNREACHABLE_CODE = YES;
				CLANG_WARN__DUPLICATE_METHOD_MATCH = YES;
				CODE_SIGN_IDENTITY = "iPhone Developer";
				COPY_PHASE_STRIP = NO;
				DEBUG_INFORMATION_FORMAT = dwarf;
				ENABLE_STRICT_OBJC_MSGSEND = YES;
				ENABLE_TESTABILITY = YES;
				GCC_C_LANGUAGE_STANDARD = gnu11;
				GCC_DYNAMIC_NO_PIC = NO;
				GCC_NO_COMMON_BLOCKS = YES;
				GCC_OPTIMIZATION_LEVEL = 0;
				GCC_PREPROCESSOR_DEFINITIONS = (
					"DEBUG=1",
					"$(inherited)",
				);
				GCC_WARN_64_TO_32_BIT_CONVERSION = YES;
				GCC_WARN_ABOUT_RETURN_TYPE = YES_ERROR;
				GCC_WARN_UNDECLARED_SELECTOR = YES;
				GCC_WARN_UNINITIALIZED_AUTOS = YES_AGGRESSIVE;
				GCC_WARN_UNUSED_FUNCTION = YES;
				GCC_WARN_UNUSED_VARIABLE = YES;
				IPHONEOS_DEPLOYMENT_TARGET = 11.4;
				MTL_ENABLE_DEBUG_INFO = YES;
				ONLY_ACTIVE_ARCH = YES;
				SDKROOT = iphoneos;
				SWIFT_ACTIVE_COMPILATION_CONDITIONS = DEBUG;
				SWIFT_OPTIMIZATION_LEVEL = "-Onone";
			};
			name = Debug;
		};
		3812296D20C7937500561A61 /* Release */ = {
			isa = XCBuildConfiguration;
			buildSettings = {
				ALWAYS_SEARCH_USER_PATHS = NO;
				CLANG_ANALYZER_NONNULL = YES;
				CLANG_ANALYZER_NUMBER_OBJECT_CONVERSION = YES_AGGRESSIVE;
				CLANG_CXX_LANGUAGE_STANDARD = "gnu++14";
				CLANG_CXX_LIBRARY = "libc++";
				CLANG_ENABLE_MODULES = YES;
				CLANG_ENABLE_OBJC_ARC = YES;
				CLANG_ENABLE_OBJC_WEAK = YES;
				CLANG_WARN_BLOCK_CAPTURE_AUTORELEASING = YES;
				CLANG_WARN_BOOL_CONVERSION = YES;
				CLANG_WARN_COMMA = YES;
				CLANG_WARN_CONSTANT_CONVERSION = YES;
				CLANG_WARN_DEPRECATED_OBJC_IMPLEMENTATIONS = YES;
				CLANG_WARN_DIRECT_OBJC_ISA_USAGE = YES_ERROR;
				CLANG_WARN_DOCUMENTATION_COMMENTS = YES;
				CLANG_WARN_EMPTY_BODY = YES;
				CLANG_WARN_ENUM_CONVERSION = YES;
				CLANG_WARN_INFINITE_RECURSION = YES;
				CLANG_WARN_INT_CONVERSION = YES;
				CLANG_WARN_NON_LITERAL_NULL_CONVERSION = YES;
				CLANG_WARN_OBJC_IMPLICIT_RETAIN_SELF = YES;
				CLANG_WARN_OBJC_LITERAL_CONVERSION = YES;
				CLANG_WARN_OBJC_ROOT_CLASS = YES_ERROR;
				CLANG_WARN_RANGE_LOOP_ANALYSIS = YES;
				CLANG_WARN_STRICT_PROTOTYPES = YES;
				CLANG_WARN_SUSPICIOUS_MOVE = YES;
				CLANG_WARN_UNGUARDED_AVAILABILITY = YES_AGGRESSIVE;
				CLANG_WARN_UNREACHABLE_CODE = YES;
				CLANG_WARN__DUPLICATE_METHOD_MATCH = YES;
				CODE_SIGN_IDENTITY = "iPhone Developer";
				COPY_PHASE_STRIP = NO;
				DEBUG_INFORMATION_FORMAT = "dwarf-with-dsym";
				ENABLE_NS_ASSERTIONS = NO;
				ENABLE_STRICT_OBJC_MSGSEND = YES;
				GCC_C_LANGUAGE_STANDARD = gnu11;
				GCC_NO_COMMON_BLOCKS = YES;
				GCC_WARN_64_TO_32_BIT_CONVERSION = YES;
				GCC_WARN_ABOUT_RETURN_TYPE = YES_ERROR;
				GCC_WARN_UNDECLARED_SELECTOR = YES;
				GCC_WARN_UNINITIALIZED_AUTOS = YES_AGGRESSIVE;
				GCC_WARN_UNUSED_FUNCTION = YES;
				GCC_WARN_UNUSED_VARIABLE = YES;
				IPHONEOS_DEPLOYMENT_TARGET = 11.4;
				MTL_ENABLE_DEBUG_INFO = NO;
				SDKROOT = iphoneos;
				SWIFT_COMPILATION_MODE = wholemodule;
				SWIFT_OPTIMIZATION_LEVEL = "-O";
				VALIDATE_PRODUCT = YES;
			};
			name = Release;
		};
		3812296F20C7937500561A61 /* Debug */ = {
			isa = XCBuildConfiguration;
			buildSettings = {
				ASSETCATALOG_COMPILER_APPICON_NAME = AppIcon;
				CODE_SIGN_STYLE = Automatic;
				INFOPLIST_FILE = HelloMyMap/Info.plist;
				LD_RUNPATH_SEARCH_PATHS = (
					"$(inherited)",
					"@executable_path/Frameworks",
				);
				PRODUCT_BUNDLE_IDENTIFIER = jim.HelloMyMap;
				PRODUCT_NAME = "$(TARGET_NAME)";
				SWIFT_VERSION = 4.0;
				TARGETED_DEVICE_FAMILY = "1,2";
			};
			name = Debug;
		};
		3812297020C7937500561A61 /* Release */ = {
			isa = XCBuildConfiguration;
			buildSettings = {
				ASSETCATALOG_COMPILER_APPICON_NAME = AppIcon;
				CODE_SIGN_STYLE = Automatic;
				INFOPLIST_FILE = HelloMyMap/Info.plist;
				LD_RUNPATH_SEARCH_PATHS = (
					"$(inherited)",
					"@executable_path/Frameworks",
				);
				PRODUCT_BUNDLE_IDENTIFIER = jim.HelloMyMap;
				PRODUCT_NAME = "$(TARGET_NAME)";
				SWIFT_VERSION = 4.0;
				TARGETED_DEVICE_FAMILY = "1,2";
			};
			name = Release;
		};
		3812297220C7937500561A61 /* Debug */ = {
			isa = XCBuildConfiguration;
			buildSettings = {
				ALWAYS_EMBED_SWIFT_STANDARD_LIBRARIES = YES;
				BUNDLE_LOADER = "$(TEST_HOST)";
				CODE_SIGN_STYLE = Automatic;
				INFOPLIST_FILE = HelloMyMapTests/Info.plist;
				LD_RUNPATH_SEARCH_PATHS = (
					"$(inherited)",
					"@executable_path/Frameworks",
					"@loader_path/Frameworks",
				);
				PRODUCT_BUNDLE_IDENTIFIER = jim.HelloMyMapTests;
				PRODUCT_NAME = "$(TARGET_NAME)";
				SWIFT_VERSION = 4.0;
				TARGETED_DEVICE_FAMILY = "1,2";
				TEST_HOST = "$(BUILT_PRODUCTS_DIR)/HelloMyMap.app/HelloMyMap";
			};
			name = Debug;
		};
		3812297320C7937500561A61 /* Release */ = {
			isa = XCBuildConfiguration;
			buildSettings = {
				ALWAYS_EMBED_SWIFT_STANDARD_LIBRARIES = YES;
				BUNDLE_LOADER = "$(TEST_HOST)";
				CODE_SIGN_STYLE = Automatic;
				INFOPLIST_FILE = HelloMyMapTests/Info.plist;
				LD_RUNPATH_SEARCH_PATHS = (
					"$(inherited)",
					"@executable_path/Frameworks",
					"@loader_path/Frameworks",
				);
				PRODUCT_BUNDLE_IDENTIFIER = jim.HelloMyMapTests;
				PRODUCT_NAME = "$(TARGET_NAME)";
				SWIFT_VERSION = 4.0;
				TARGETED_DEVICE_FAMILY = "1,2";
				TEST_HOST = "$(BUILT_PRODUCTS_DIR)/HelloMyMap.app/HelloMyMap";
			};
			name = Release;
		};
		3812297520C7937500561A61 /* Debug */ = {
			isa = XCBuildConfiguration;
			buildSettings = {
				ALWAYS_EMBED_SWIFT_STANDARD_LIBRARIES = YES;
				CODE_SIGN_STYLE = Automatic;
				INFOPLIST_FILE = HelloMyMapUITests/Info.plist;
				LD_RUNPATH_SEARCH_PATHS = (
					"$(inherited)",
					"@executable_path/Frameworks",
					"@loader_path/Frameworks",
				);
				PRODUCT_BUNDLE_IDENTIFIER = jim.HelloMyMapUITests;
				PRODUCT_NAME = "$(TARGET_NAME)";
				SWIFT_VERSION = 4.0;
				TARGETED_DEVICE_FAMILY = "1,2";
				TEST_TARGET_NAME = HelloMyMap;
			};
			name = Debug;
		};
		3812297620C7937500561A61 /* Release */ = {
			isa = XCBuildConfiguration;
			buildSettings = {
				ALWAYS_EMBED_SWIFT_STANDARD_LIBRARIES = YES;
				CODE_SIGN_STYLE = Automatic;
				INFOPLIST_FILE = HelloMyMapUITests/Info.plist;
				LD_RUNPATH_SEARCH_PATHS = (
					"$(inherited)",
					"@executable_path/Frameworks",
					"@loader_path/Frameworks",
				);
				PRODUCT_BUNDLE_IDENTIFIER = jim.HelloMyMapUITests;
				PRODUCT_NAME = "$(TARGET_NAME)";
				SWIFT_VERSION = 4.0;
				TARGETED_DEVICE_FAMILY = "1,2";
				TEST_TARGET_NAME = HelloMyMap;
			};
			name = Release;
		};
/* End XCBuildConfiguration section */

/* Begin XCConfigurationList section */
		3812294120C7937300561A61 /* Build configuration list for PBXProject "HelloMyMap" */ = {
			isa = XCConfigurationList;
			buildConfigurations = (
				3812296C20C7937500561A61 /* Debug */,
				3812296D20C7937500561A61 /* Release */,
			);
			defaultConfigurationIsVisible = 0;
			defaultConfigurationName = Release;
		};
		3812296E20C7937500561A61 /* Build configuration list for PBXNativeTarget "HelloMyMap" */ = {
			isa = XCConfigurationList;
			buildConfigurations = (
				3812296F20C7937500561A61 /* Debug */,
				3812297020C7937500561A61 /* Release */,
			);
			defaultConfigurationIsVisible = 0;
			defaultConfigurationName = Release;
		};
		3812297120C7937500561A61 /* Build configuration list for PBXNativeTarget "HelloMyMapTests" */ = {
			isa = XCConfigurationList;
			buildConfigurations = (
				3812297220C7937500561A61 /* Debug */,
				3812297320C7937500561A61 /* Release */,
			);
			defaultConfigurationIsVisible = 0;
			defaultConfigurationName = Release;
		};
		3812297420C7937500561A61 /* Build configuration list for PBXNativeTarget "HelloMyMapUITests" */ = {
			isa = XCConfigurationList;
			buildConfigurations = (
				3812297520C7937500561A61 /* Debug */,
				3812297620C7937500561A61 /* Release */,
			);
			defaultConfigurationIsVisible = 0;
			defaultConfigurationName = Release;
		};
/* End XCConfigurationList section */
	};
	rootObject = 3812293E20C7937300561A61 /* Project object */;
}
